{
  "version": 4,
  "terraform_version": "1.12.2",
  "serial": 141,
  "lineage": "33a286ca-d1a4-c055-5098-29ce78cc2bb6",
  "outputs": {},
  "resources": [
    {
      "mode": "managed",
      "type": "aws_vpc",
      "name": "vpc_techchallenge_fiap_fase3_2153",
      "provider": "provider[\"registry.terraform.io/hashicorp/aws\"]",
      "instances": [
        {
          "schema_version": 1,
          "attributes": {
            "arn": "arn:aws:ec2:us-east-1:243645409029:vpc/vpc-03d05a3ed9480a5ac",
            "assign_generated_ipv6_cidr_block": false,
            "cidr_block": "10.0.0.0/16",
            "default_network_acl_id": "acl-045f188cb6d1b7501",
            "default_route_table_id": "rtb-05f38799974180f64",
            "default_security_group_id": "sg-094f086e501d7c8d6",
            "dhcp_options_id": "dopt-0e2295dd22be8bfe4",
            "enable_dns_hostnames": true,
            "enable_dns_support": true,
            "enable_network_address_usage_metrics": false,
            "id": "vpc-03d05a3ed9480a5ac",
            "instance_tenancy": "default",
            "ipv4_ipam_pool_id": null,
            "ipv4_netmask_length": null,
            "ipv6_association_id": "",
            "ipv6_cidr_block": "",
            "ipv6_cidr_block_network_border_group": "",
            "ipv6_ipam_pool_id": "",
            "ipv6_netmask_length": 0,
            "main_route_table_id": "rtb-05f38799974180f64",
            "owner_id": "243645409029",
            "region": "us-east-1",
            "tags": {
              "Name": "vpc_techchallenge_fiap_fase3_2153"
            },
            "tags_all": {
              "Name": "vpc_techchallenge_fiap_fase3_2153"
            }
          },
          "sensitive_attributes": [],
          "identity_schema_version": 0,
          "private": "eyJzY2hlbWFfdmVyc2lvbiI6IjEifQ=="
        }
      ]
    }
  ],
  "check_results": null
}
